// !$*UTF8*$!
{
	archiveVersion = 1;
	classes = {
	};
	objectVersion = 50;
	objects = {

/* Begin PBXBuildFile section */
		9466EE01207E376C0049E41A /* AppDelegate.m in Sources */ = {isa = PBXBuildFile; fileRef = 9466EE00207E376C0049E41A /* AppDelegate.m */; };
		9466EE04207E376C0049E41A /* ViewController.m in Sources */ = {isa = PBXBuildFile; fileRef = 9466EE03207E376C0049E41A /* ViewController.m */; };
		9466EE07207E376C0049E41A /* Main.storyboard in Resources */ = {isa = PBXBuildFile; fileRef = 9466EE05207E376C0049E41A /* Main.storyboard */; };
		9466EE0A207E376C0049E41A /* XHCommon.xcdatamodeld in Sources */ = {isa = PBXBuildFile; fileRef = 9466EE08207E376C0049E41A /* XHCommon.xcdatamodeld */; };
		9466EE0C207E376D0049E41A /* Assets.xcassets in Resources */ = {isa = PBXBuildFile; fileRef = 9466EE0B207E376D0049E41A /* Assets.xcassets */; };
		9466EE0F207E376D0049E41A /* LaunchScreen.storyboard in Resources */ = {isa = PBXBuildFile; fileRef = 9466EE0D207E376D0049E41A /* LaunchScreen.storyboard */; };
		9466EE12207E376D0049E41A /* main.m in Sources */ = {isa = PBXBuildFile; fileRef = 9466EE11207E376D0049E41A /* main.m */; };
		9466EE1D207E4A490049E41A /* Tool.m in Sources */ = {isa = PBXBuildFile; fileRef = 9466EE1C207E4A490049E41A /* Tool.m */; };
/* End PBXBuildFile section */

/* Begin PBXFileReference section */
		9466EDFC207E376C0049E41A /* XHCommon.app */ = {isa = PBXFileReference; explicitFileType = wrapper.application; includeInIndex = 0; path = XHCommon.app; sourceTree = BUILT_PRODUCTS_DIR; };
		9466EDFF207E376C0049E41A /* AppDelegate.h */ = {isa = PBXFileReference; lastKnownFileType = sourcecode.c.h; path = AppDelegate.h; sourceTree = "<group>"; };
		9466EE00207E376C0049E41A /* AppDelegate.m */ = {isa = PBXFileReference; lastKnownFileType = sourcecode.c.objc; path = AppDelegate.m; sourceTree = "<group>"; };
		9466EE02207E376C0049E41A /* ViewController.h */ = {isa = PBXFileReference; lastKnownFileType = sourcecode.c.h; path = ViewController.h; sourceTree = "<group>"; };
		9466EE03207E376C0049E41A /* ViewController.m */ = {isa = PBXFileReference; lastKnownFileType = sourcecode.c.objc; path = ViewController.m; sourceTree = "<group>"; };
		9466EE06207E376C0049E41A /* Base */ = {isa = PBXFileReference; lastKnownFileType = file.storyboard; name = Base; path = Base.lproj/Main.storyboard; sourceTree = "<group>"; };
		9466EE09207E376C0049E41A /* XHCommon.xcdatamodel */ = {isa = PBXFileReference; lastKnownFileType = wrapper.xcdatamodel; path = XHCommon.xcdatamodel; sourceTree = "<group>"; };
		9466EE0B207E376D0049E41A /* Assets.xcassets */ = {isa = PBXFileReference; lastKnownFileType = folder.assetcatalog; path = Assets.xcassets; sourceTree = "<group>"; };
		9466EE0E207E376D0049E41A /* Base */ = {isa = PBXFileReference; lastKnownFileType = file.storyboard; name = Base; path = Base.lproj/LaunchScreen.storyboard; sourceTree = "<group>"; };
		9466EE10207E376D0049E41A /* Info.plist */ = {isa = PBXFileReference; lastKnownFileType = text.plist.xml; path = Info.plist; sourceTree = "<group>"; };
		9466EE11207E376D0049E41A /* main.m */ = {isa = PBXFileReference; lastKnownFileType = sourcecode.c.objc; path = main.m; sourceTree = "<group>"; };
		9466EE1B207E4A490049E41A /* Tool.h */ = {isa = PBXFileReference; lastKnownFileType = sourcecode.c.h; path = Tool.h; sourceTree = "<group>"; };
		9466EE1C207E4A490049E41A /* Tool.m */ = {isa = PBXFileReference; lastKnownFileType = sourcecode.c.objc; path = Tool.m; sourceTree = "<group>"; };
/* End PBXFileReference section */

/* Begin PBXFrameworksBuildPhase section */
		9466EDF9207E376C0049E41A /* Frameworks */ = {
			isa = PBXFrameworksBuildPhase;
			buildActionMask = 2147483647;
			files = (
			);
			runOnlyForDeploymentPostprocessing = 0;
		};
/* End PBXFrameworksBuildPhase section */

/* Begin PBXGroup section */
		9466EDF3207E376C0049E41A = {
			isa = PBXGroup;
			children = (
				9466EDFE207E376C0049E41A /* XHCommon */,
				9466EDFD207E376C0049E41A /* Products */,
			);
			sourceTree = "<group>";
		};
		9466EDFD207E376C0049E41A /* Products */ = {
			isa = PBXGroup;
			children = (
				9466EDFC207E376C0049E41A /* XHCommon.app */,
			);
			name = Products;
			sourceTree = "<group>";
		};
		9466EDFE207E376C0049E41A /* XHCommon */ = {
			isa = PBXGroup;
			children = (
				9466EE1A207E4A290049E41A /* XHTool */,
				9466EDFF207E376C0049E41A /* AppDelegate.h */,
				9466EE00207E376C0049E41A /* AppDelegate.m */,
				9466EE02207E376C0049E41A /* ViewController.h */,
				9466EE03207E376C0049E41A /* ViewController.m */,
				9466EE05207E376C0049E41A /* Main.storyboard */,
				9466EE0B207E376D0049E41A /* Assets.xcassets */,
				9466EE0D207E376D0049E41A /* LaunchScreen.storyboard */,
				9466EE10207E376D0049E41A /* Info.plist */,
				9466EE11207E376D0049E41A /* main.m */,
				9466EE08207E376C0049E41A /* XHCommon.xcdatamodeld */,
			);
			path = XHCommon;
			sourceTree = "<group>";
		};
		9466EE1A207E4A290049E41A /* XHTool */ = {
			isa = PBXGroup;
			children = (
				9466EE1B207E4A490049E41A /* Tool.h */,
				9466EE1C207E4A490049E41A /* Tool.m */,
			);
			path = XHTool;
			sourceTree = "<group>";
		};
/* End PBXGroup section */

/* Begin PBXNativeTarget section */
		9466EDFB207E376C0049E41A /* XHCommon */ = {
			isa = PBXNativeTarget;
			buildConfigurationList = 9466EE15207E376D0049E41A /* Build configuration list for PBXNativeTarget "XHCommon" */;
			buildPhases = (
				9466EDF8207E376C0049E41A /* Sources */,
				9466EDF9207E376C0049E41A /* Frameworks */,
				9466EDFA207E376C0049E41A /* Resources */,
			);
			buildRules = (
			);
			dependencies = (
			);
			name = XHCommon;
			productName = XHCommon;
			productReference = 9466EDFC207E376C0049E41A /* XHCommon.app */;
			productType = "com.apple.product-type.application";
		};
/* End PBXNativeTarget section */

/* Begin PBXProject section */
		9466EDF4207E376C0049E41A /* Project object */ = {
			isa = PBXProject;
			attributes = {
				LastUpgradeCheck = 0930;
				ORGANIZATIONNAME = "田晓晓";
				TargetAttributes = {
					9466EDFB207E376C0049E41A = {
						CreatedOnToolsVersion = 9.3;
					};
				};
			};
			buildConfigurationList = 9466EDF7207E376C0049E41A /* Build configuration list for PBXProject "XHCommon" */;
			compatibilityVersion = "Xcode 9.3";
			developmentRegion = en;
			hasScannedForEncodings = 0;
			knownRegions = (
				en,
				Base,
			);
			mainGroup = 9466EDF3207E376C0049E41A;
			productRefGroup = 9466EDFD207E376C0049E41A /* Products */;
			projectDirPath = "";
			projectRoot = "";
			targets = (
				9466EDFB207E376C0049E41A /* XHCommon */,
			);
		};
/* End PBXProject section */

/* Begin PBXResourcesBuildPhase section */
		9466EDFA207E376C0049E41A /* Resources */ = {
			isa = PBXResourcesBuildPhase;
			buildActionMask = 2147483647;
			files = (
				9466EE0F207E376D0049E41A /* LaunchScreen.storyboard in Resources */,
				9466EE0C207E376D0049E41A /* Assets.xcassets in Resources */,
				9466EE07207E376C0049E41A /* Main.storyboard in Resources */,
			);
			runOnlyForDeploymentPostprocessing = 0;
		};
/* End PBXResourcesBuildPhase section */

/* Begin PBXSourcesBuildPhase section */
		9466EDF8207E376C0049E41A /* Sources */ = {
			isa = PBXSourcesBuildPhase;
			buildActionMask = 2147483647;
			files = (
				9466EE1D207E4A490049E41A /* Tool.m in Sources */,
				9466EE04207E376C0049E41A /* ViewController.m in Sources */,
				9466EE0A207E376C0049E41A /* XHCommon.xcdatamodeld in Sources */,
				9466EE12207E376D0049E41A /* main.m in Sources */,
				9466EE01207E376C0049E41A /* AppDelegate.m in Sources */,
			);
			runOnlyForDeploymentPostprocessing = 0;
		};
/* End PBXSourcesBuildPhase section */

/* Begin PBXVariantGroup section */
		9466EE05207E376C0049E41A /* Main.storyboard */ = {
			isa = PBXVariantGroup;
			children = (
				9466EE06207E376C0049E41A /* Base */,
			);
			name = Main.storyboard;
			sourceTree = "<group>";
		};
		9466EE0D207E376D0049E41A /* LaunchScreen.storyboard */ = {
			isa = PBXVariantGroup;
			children = (
				9466EE0E207E376D0049E41A /* Base */,
			);
			name = LaunchScreen.storyboard;
			sourceTree = "<group>";
		};
/* End PBXVariantGroup section */

/* Begin XCBuildConfiguration section */
		9466EE13207E376D0049E41A /* Debug */ = {
			isa = XCBuildConfiguration;
			buildSettings = {
				ALWAYS_SEARCH_USER_PATHS = NO;
				CLANG_ANALYZER_NONNULL = YES;
				CLANG_ANALYZER_NUMBER_OBJECT_CONVERSION = YES_AGGRESSIVE;
				CLANG_CXX_LANGUAGE_STANDARD = "gnu++14";
				CLANG_CXX_LIBRARY = "libc++";
				CLANG_ENABLE_MODULES = YES;
				CLANG_ENABLE_OBJC_ARC = YES;
				CLANG_ENABLE_OBJC_WEAK = YES;
				CLANG_WARN_BLOCK_CAPTURE_AUTORELEASING = YES;
				CLANG_WARN_BOOL_CONVERSION = YES;
				CLANG_WARN_COMMA = YES;
				CLANG_WARN_CONSTANT_CONVERSION = YES;
				CLANG_WARN_DEPRECATED_OBJC_IMPLEMENTATIONS = YES;
				CLANG_WARN_DIRECT_OBJC_ISA_USAGE = YES_ERROR;
				CLANG_WARN_DOCUMENTATION_COMMENTS = YES;
				CLANG_WARN_EMPTY_BODY = YES;
				CLANG_WARN_ENUM_CONVERSION = YES;
				CLANG_WARN_INFINITE_RECURSION = YES;
				CLANG_WARN_INT_CONVERSION = YES;
				CLANG_WARN_NON_LITERAL_NULL_CONVERSION = YES;
				CLANG_WARN_OBJC_IMPLICIT_RETAIN_SELF = YES;
				CLANG_WARN_OBJC_LITERAL_CONVERSION = YES;
				CLANG_WARN_OBJC_ROOT_CLASS = YES_ERROR;
				CLANG_WARN_RANGE_LOOP_ANALYSIS = YES;
				CLANG_WARN_STRICT_PROTOTYPES = YES;
				CLANG_WARN_SUSPICIOUS_MOVE = YES;
				CLANG_WARN_UNGUARDED_AVAILABILITY = YES_AGGRESSIVE;
				CLANG_WARN_UNREACHABLE_CODE = YES;
				CLANG_WARN__DUPLICATE_METHOD_MATCH = YES;
				CODE_SIGN_IDENTITY = "iPhone Developer";
				COPY_PHASE_STRIP = NO;
				DEBUG_INFORMATION_FORMAT = dwarf;
				ENABLE_STRICT_OBJC_MSGSEND = YES;
				ENABLE_TESTABILITY = YES;
				GCC_C_LANGUAGE_STANDARD = gnu11;
				GCC_DYNAMIC_NO_PIC = NO;
				GCC_NO_COMMON_BLOCKS = YES;
				GCC_OPTIMIZATION_LEVEL = 0;
				GCC_PREPROCESSOR_DEFINITIONS = (
					"DEBUG=1",
					"$(inherited)",
				);
				GCC_WARN_64_TO_32_BIT_CONVERSION = YES;
				GCC_WARN_ABOUT_RETURN_TYPE = YES_ERROR;
				GCC_WARN_UNDECLARED_SELECTOR = YES;
				GCC_WARN_UNINITIALIZED_AUTOS = YES_AGGRESSIVE;
				GCC_WARN_UNUSED_FUNCTION = YES;
				GCC_WARN_UNUSED_VARIABLE = YES;
				IPHONEOS_DEPLOYMENT_TARGET = 11.3;
				MTL_ENABLE_DEBUG_INFO = YES;
				ONLY_ACTIVE_ARCH = YES;
				SDKROOT = iphoneos;
			};
			name = Debug;
		};
		9466EE14207E376D0049E41A /* Release */ = {
			isa = XCBuildConfiguration;
			buildSettings = {
				ALWAYS_SEARCH_USER_PATHS = NO;
				CLANG_ANALYZER_NONNULL = YES;
				CLANG_ANALYZER_NUMBER_OBJECT_CONVERSION = YES_AGGRESSIVE;
				CLANG_CXX_LANGUAGE_STANDARD = "gnu++14";
				CLANG_CXX_LIBRARY = "libc++";
				CLANG_ENABLE_MODULES = YES;
				CLANG_ENABLE_OBJC_ARC = YES;
				CLANG_ENABLE_OBJC_WEAK = YES;
				CLANG_WARN_BLOCK_CAPTURE_AUTORELEASING = YES;
				CLANG_WARN_BOOL_CONVERSION = YES;
				CLANG_WARN_COMMA = YES;
				CLANG_WARN_CONSTANT_CONVERSION = YES;
				CLANG_WARN_DEPRECATED_OBJC_IMPLEMENTATIONS = YES;
				CLANG_WARN_DIRECT_OBJC_ISA_USAGE = YES_ERROR;
				CLANG_WARN_DOCUMENTATION_COMMENTS = YES;
				CLANG_WARN_EMPTY_BODY = YES;
				CLANG_WARN_ENUM_CONVERSION = YES;
				CLANG_WARN_INFINITE_RECURSION = YES;
				CLANG_WARN_INT_CONVERSION = YES;
				CLANG_WARN_NON_LITERAL_NULL_CONVERSION = YES;
				CLANG_WARN_OBJC_IMPLICIT_RETAIN_SELF = YES;
				CLANG_WARN_OBJC_LITERAL_CONVERSION = YES;
				CLANG_WARN_OBJC_ROOT_CLASS = YES_ERROR;
				CLANG_WARN_RANGE_LOOP_ANALYSIS = YES;
				CLANG_WARN_STRICT_PROTOTYPES = YES;
				CLANG_WARN_SUSPICIOUS_MOVE = YES;
				CLANG_WARN_UNGUARDED_AVAILABILITY = YES_AGGRESSIVE;
				CLANG_WARN_UNREACHABLE_CODE = YES;
				CLANG_WARN__DUPLICATE_METHOD_MATCH = YES;
				CODE_SIGN_IDENTITY = "iPhone Developer";
				COPY_PHASE_STRIP = NO;
				DEBUG_INFORMATION_FORMAT = "dwarf-with-dsym";
				ENABLE_NS_ASSERTIONS = NO;
				ENABLE_STRICT_OBJC_MSGSEND = YES;
				GCC_C_LANGUAGE_STANDARD = gnu11;
				GCC_NO_COMMON_BLOCKS = YES;
				GCC_WARN_64_TO_32_BIT_CONVERSION = YES;
				GCC_WARN_ABOUT_RETURN_TYPE = YES_ERROR;
				GCC_WARN_UNDECLARED_SELECTOR = YES;
				GCC_WARN_UNINITIALIZED_AUTOS = YES_AGGRESSIVE;
				GCC_WARN_UNUSED_FUNCTION = YES;
				GCC_WARN_UNUSED_VARIABLE = YES;
				IPHONEOS_DEPLOYMENT_TARGET = 11.3;
				MTL_ENABLE_DEBUG_INFO = NO;
				SDKROOT = iphoneos;
				VALIDATE_PRODUCT = YES;
			};
			name = Release;
		};
		9466EE16207E376D0049E41A /* Debug */ = {
			isa = XCBuildConfiguration;
			buildSettings = {
				ASSETCATALOG_COMPILER_APPICON_NAME = AppIcon;
				CODE_SIGN_STYLE = Automatic;
				INFOPLIST_FILE = XHCommon/Info.plist;
				LD_RUNPATH_SEARCH_PATHS = (
					"$(inherited)",
					"@executable_path/Frameworks",
				);
				PRODUCT_BUNDLE_IDENTIFIER = river.XHCommon;
				PRODUCT_NAME = "$(TARGET_NAME)";
				TARGETED_DEVICE_FAMILY = "1,2";
			};
			name = Debug;
		};
		9466EE17207E376D0049E41A /* Release */ = {
			isa = XCBuildConfiguration;
			buildSettings = {
				ASSETCATALOG_COMPILER_APPICON_NAME = AppIcon;
				CODE_SIGN_STYLE = Automatic;
				INFOPLIST_FILE = XHCommon/Info.plist;
				LD_RUNPATH_SEARCH_PATHS = (
					"$(inherited)",
					"@executable_path/Frameworks",
				);
				PRODUCT_BUNDLE_IDENTIFIER = river.XHCommon;
				PRODUCT_NAME = "$(TARGET_NAME)";
				TARGETED_DEVICE_FAMILY = "1,2";
			};
			name = Release;
		};
/* End XCBuildConfiguration section */

/* Begin XCConfigurationList section */
		9466EDF7207E376C0049E41A /* Build configuration list for PBXProject "XHCommon" */ = {
			isa = XCConfigurationList;
			buildConfigurations = (
				9466EE13207E376D0049E41A /* Debug */,
				9466EE14207E376D0049E41A /* Release */,
			);
			defaultConfigurationIsVisible = 0;
			defaultConfigurationName = Release;
		};
		9466EE15207E376D0049E41A /* Build configuration list for PBXNativeTarget "XHCommon" */ = {
			isa = XCConfigurationList;
			buildConfigurations = (
				9466EE16207E376D0049E41A /* Debug */,
				9466EE17207E376D0049E41A /* Release */,
			);
			defaultConfigurationIsVisible = 0;
			defaultConfigurationName = Release;
		};
/* End XCConfigurationList section */

/* Begin XCVersionGroup section */
		9466EE08207E376C0049E41A /* XHCommon.xcdatamodeld */ = {
			isa = XCVersionGroup;
			children = (
				9466EE09207E376C0049E41A /* XHCommon.xcdatamodel */,
			);
			currentVersion = 9466EE09207E376C0049E41A /* XHCommon.xcdatamodel */;
			path = XHCommon.xcdatamodeld;
			sourceTree = "<group>";
			versionGroupType = wrapper.xcdatamodel;
		};
/* End XCVersionGroup section */
	};
	rootObject = 9466EDF4207E376C0049E41A /* Project object */;
}
